// !$*UTF8*$!
{
	archiveVersion = 1;
	classes = {
	};
	objectVersion = 50;
	objects = {

/* Begin PBXBuildFile section */
		F28D69AF246B27E800998CC8 /* AppDelegate.swift in Sources */ = {isa = PBXBuildFile; fileRef = F28D69AE246B27E800998CC8 /* AppDelegate.swift */; };
		F28D69B1246B27E800998CC8 /* SceneDelegate.swift in Sources */ = {isa = PBXBuildFile; fileRef = F28D69B0246B27E800998CC8 /* SceneDelegate.swift */; };
		F28D69B3246B27E800998CC8 /* ViewController.swift in Sources */ = {isa = PBXBuildFile; fileRef = F28D69B2246B27E800998CC8 /* ViewController.swift */; };
		F28D69B6246B27E800998CC8 /* Main.storyboard in Resources */ = {isa = PBXBuildFile; fileRef = F28D69B4246B27E800998CC8 /* Main.storyboard */; };
		F28D69B8246B27EE00998CC8 /* Assets.xcassets in Resources */ = {isa = PBXBuildFile; fileRef = F28D69B7246B27EE00998CC8 /* Assets.xcassets */; };
		F28D69BB246B27EE00998CC8 /* LaunchScreen.storyboard in Resources */ = {isa = PBXBuildFile; fileRef = F28D69B9246B27EE00998CC8 /* LaunchScreen.storyboard */; };
		F28D69C6246B27EE00998CC8 /* ParstagramTests.swift in Sources */ = {isa = PBXBuildFile; fileRef = F28D69C5246B27EE00998CC8 /* ParstagramTests.swift */; };
		F28D69D1246B27EE00998CC8 /* ParstagramUITests.swift in Sources */ = {isa = PBXBuildFile; fileRef = F28D69D0246B27EE00998CC8 /* ParstagramUITests.swift */; };
/* End PBXBuildFile section */

/* Begin PBXContainerItemProxy section */
		F28D69C2246B27EE00998CC8 /* PBXContainerItemProxy */ = {
			isa = PBXContainerItemProxy;
			containerPortal = F28D69A3246B27E800998CC8 /* Project object */;
			proxyType = 1;
			remoteGlobalIDString = F28D69AA246B27E800998CC8;
			remoteInfo = Parstagram;
		};
		F28D69CD246B27EE00998CC8 /* PBXContainerItemProxy */ = {
			isa = PBXContainerItemProxy;
			containerPortal = F28D69A3246B27E800998CC8 /* Project object */;
			proxyType = 1;
			remoteGlobalIDString = F28D69AA246B27E800998CC8;
			remoteInfo = Parstagram;
		};
/* End PBXContainerItemProxy section */

/* Begin PBXFileReference section */
		F28D69AB246B27E800998CC8 /* Parstagram.app */ = {isa = PBXFileReference; explicitFileType = wrapper.application; includeInIndex = 0; path = Parstagram.app; sourceTree = BUILT_PRODUCTS_DIR; };
		F28D69AE246B27E800998CC8 /* AppDelegate.swift */ = {isa = PBXFileReference; lastKnownFileType = sourcecode.swift; path = AppDelegate.swift; sourceTree = "<group>"; };
		F28D69B0246B27E800998CC8 /* SceneDelegate.swift */ = {isa = PBXFileReference; lastKnownFileType = sourcecode.swift; path = SceneDelegate.swift; sourceTree = "<group>"; };
		F28D69B2246B27E800998CC8 /* ViewController.swift */ = {isa = PBXFileReference; lastKnownFileType = sourcecode.swift; path = ViewController.swift; sourceTree = "<group>"; };
		F28D69B5246B27E800998CC8 /* Base */ = {isa = PBXFileReference; lastKnownFileType = file.storyboard; name = Base; path = Base.lproj/Main.storyboard; sourceTree = "<group>"; };
		F28D69B7246B27EE00998CC8 /* Assets.xcassets */ = {isa = PBXFileReference; lastKnownFileType = folder.assetcatalog; path = Assets.xcassets; sourceTree = "<group>"; };
		F28D69BA246B27EE00998CC8 /* Base */ = {isa = PBXFileReference; lastKnownFileType = file.storyboard; name = Base; path = Base.lproj/LaunchScreen.storyboard; sourceTree = "<group>"; };
		F28D69BC246B27EE00998CC8 /* Info.plist */ = {isa = PBXFileReference; lastKnownFileType = text.plist.xml; path = Info.plist; sourceTree = "<group>"; };
		F28D69C1246B27EE00998CC8 /* ParstagramTests.xctest */ = {isa = PBXFileReference; explicitFileType = wrapper.cfbundle; includeInIndex = 0; path = ParstagramTests.xctest; sourceTree = BUILT_PRODUCTS_DIR; };
		F28D69C5246B27EE00998CC8 /* ParstagramTests.swift */ = {isa = PBXFileReference; lastKnownFileType = sourcecode.swift; path = ParstagramTests.swift; sourceTree = "<group>"; };
		F28D69C7246B27EE00998CC8 /* Info.plist */ = {isa = PBXFileReference; lastKnownFileType = text.plist.xml; path = Info.plist; sourceTree = "<group>"; };
		F28D69CC246B27EE00998CC8 /* ParstagramUITests.xctest */ = {isa = PBXFileReference; explicitFileType = wrapper.cfbundle; includeInIndex = 0; path = ParstagramUITests.xctest; sourceTree = BUILT_PRODUCTS_DIR; };
		F28D69D0246B27EE00998CC8 /* ParstagramUITests.swift */ = {isa = PBXFileReference; lastKnownFileType = sourcecode.swift; path = ParstagramUITests.swift; sourceTree = "<group>"; };
		F28D69D2246B27EE00998CC8 /* Info.plist */ = {isa = PBXFileReference; lastKnownFileType = text.plist.xml; path = Info.plist; sourceTree = "<group>"; };
/* End PBXFileReference section */

/* Begin PBXFrameworksBuildPhase section */
		F28D69A8246B27E800998CC8 /* Frameworks */ = {
			isa = PBXFrameworksBuildPhase;
			buildActionMask = 2147483647;
			files = (
			);
			runOnlyForDeploymentPostprocessing = 0;
		};
		F28D69BE246B27EE00998CC8 /* Frameworks */ = {
			isa = PBXFrameworksBuildPhase;
			buildActionMask = 2147483647;
			files = (
			);
			runOnlyForDeploymentPostprocessing = 0;
		};
		F28D69C9246B27EE00998CC8 /* Frameworks */ = {
			isa = PBXFrameworksBuildPhase;
			buildActionMask = 2147483647;
			files = (
			);
			runOnlyForDeploymentPostprocessing = 0;
		};
/* End PBXFrameworksBuildPhase section */

/* Begin PBXGroup section */
		F28D69A2246B27E800998CC8 = {
			isa = PBXGroup;
			children = (
				F28D69AD246B27E800998CC8 /* Parstagram */,
				F28D69C4246B27EE00998CC8 /* ParstagramTests */,
				F28D69CF246B27EE00998CC8 /* ParstagramUITests */,
				F28D69AC246B27E800998CC8 /* Products */,
			);
			sourceTree = "<group>";
		};
		F28D69AC246B27E800998CC8 /* Products */ = {
			isa = PBXGroup;
			children = (
				F28D69AB246B27E800998CC8 /* Parstagram.app */,
				F28D69C1246B27EE00998CC8 /* ParstagramTests.xctest */,
				F28D69CC246B27EE00998CC8 /* ParstagramUITests.xctest */,
			);
			name = Products;
			sourceTree = "<group>";
		};
		F28D69AD246B27E800998CC8 /* Parstagram */ = {
			isa = PBXGroup;
			children = (
				F28D69AE246B27E800998CC8 /* AppDelegate.swift */,
				F28D69B0246B27E800998CC8 /* SceneDelegate.swift */,
				F28D69B2246B27E800998CC8 /* ViewController.swift */,
				F28D69B4246B27E800998CC8 /* Main.storyboard */,
				F28D69B7246B27EE00998CC8 /* Assets.xcassets */,
				F28D69B9246B27EE00998CC8 /* LaunchScreen.storyboard */,
				F28D69BC246B27EE00998CC8 /* Info.plist */,
			);
			path = Parstagram;
			sourceTree = "<group>";
		};
		F28D69C4246B27EE00998CC8 /* ParstagramTests */ = {
			isa = PBXGroup;
			children = (
				F28D69C5246B27EE00998CC8 /* ParstagramTests.swift */,
				F28D69C7246B27EE00998CC8 /* Info.plist */,
			);
			path = ParstagramTests;
			sourceTree = "<group>";
		};
		F28D69CF246B27EE00998CC8 /* ParstagramUITests */ = {
			isa = PBXGroup;
			children = (
				F28D69D0246B27EE00998CC8 /* ParstagramUITests.swift */,
				F28D69D2246B27EE00998CC8 /* Info.plist */,
			);
			path = ParstagramUITests;
			sourceTree = "<group>";
		};
/* End PBXGroup section */

/* Begin PBXNativeTarget section */
		F28D69AA246B27E800998CC8 /* Parstagram */ = {
			isa = PBXNativeTarget;
			buildConfigurationList = F28D69D5246B27EE00998CC8 /* Build configuration list for PBXNativeTarget "Parstagram" */;
			buildPhases = (
				F28D69A7246B27E800998CC8 /* Sources */,
				F28D69A8246B27E800998CC8 /* Frameworks */,
				F28D69A9246B27E800998CC8 /* Resources */,
			);
			buildRules = (
			);
			dependencies = (
			);
			name = Parstagram;
			productName = Parstagram;
			productReference = F28D69AB246B27E800998CC8 /* Parstagram.app */;
			productType = "com.apple.product-type.application";
		};
		F28D69C0246B27EE00998CC8 /* ParstagramTests */ = {
			isa = PBXNativeTarget;
			buildConfigurationList = F28D69D8246B27EE00998CC8 /* Build configuration list for PBXNativeTarget "ParstagramTests" */;
			buildPhases = (
				F28D69BD246B27EE00998CC8 /* Sources */,
				F28D69BE246B27EE00998CC8 /* Frameworks */,
				F28D69BF246B27EE00998CC8 /* Resources */,
			);
			buildRules = (
			);
			dependencies = (
				F28D69C3246B27EE00998CC8 /* PBXTargetDependency */,
			);
			name = ParstagramTests;
			productName = ParstagramTests;
			productReference = F28D69C1246B27EE00998CC8 /* ParstagramTests.xctest */;
			productType = "com.apple.product-type.bundle.unit-test";
		};
		F28D69CB246B27EE00998CC8 /* ParstagramUITests */ = {
			isa = PBXNativeTarget;
			buildConfigurationList = F28D69DB246B27EE00998CC8 /* Build configuration list for PBXNativeTarget "ParstagramUITests" */;
			buildPhases = (
				F28D69C8246B27EE00998CC8 /* Sources */,
				F28D69C9246B27EE00998CC8 /* Frameworks */,
				F28D69CA246B27EE00998CC8 /* Resources */,
			);
			buildRules = (
			);
			dependencies = (
				F28D69CE246B27EE00998CC8 /* PBXTargetDependency */,
			);
			name = ParstagramUITests;
			productName = ParstagramUITests;
			productReference = F28D69CC246B27EE00998CC8 /* ParstagramUITests.xctest */;
			productType = "com.apple.product-type.bundle.ui-testing";
		};
/* End PBXNativeTarget section */

/* Begin PBXProject section */
		F28D69A3246B27E800998CC8 /* Project object */ = {
			isa = PBXProject;
			attributes = {
				LastSwiftUpdateCheck = 1140;
				LastUpgradeCheck = 1140;
				ORGANIZATIONNAME = derekn4;
				TargetAttributes = {
					F28D69AA246B27E800998CC8 = {
						CreatedOnToolsVersion = 11.4;
					};
					F28D69C0246B27EE00998CC8 = {
						CreatedOnToolsVersion = 11.4;
						TestTargetID = F28D69AA246B27E800998CC8;
					};
					F28D69CB246B27EE00998CC8 = {
						CreatedOnToolsVersion = 11.4;
						TestTargetID = F28D69AA246B27E800998CC8;
					};
				};
			};
			buildConfigurationList = F28D69A6246B27E800998CC8 /* Build configuration list for PBXProject "Parstagram" */;
			compatibilityVersion = "Xcode 9.3";
			developmentRegion = en;
			hasScannedForEncodings = 0;
			knownRegions = (
				en,
				Base,
			);
			mainGroup = F28D69A2246B27E800998CC8;
			productRefGroup = F28D69AC246B27E800998CC8 /* Products */;
			projectDirPath = "";
			projectRoot = "";
			targets = (
				F28D69AA246B27E800998CC8 /* Parstagram */,
				F28D69C0246B27EE00998CC8 /* ParstagramTests */,
				F28D69CB246B27EE00998CC8 /* ParstagramUITests */,
			);
		};
/* End PBXProject section */

/* Begin PBXResourcesBuildPhase section */
		F28D69A9246B27E800998CC8 /* Resources */ = {
			isa = PBXResourcesBuildPhase;
			buildActionMask = 2147483647;
			files = (
				F28D69BB246B27EE00998CC8 /* LaunchScreen.storyboard in Resources */,
				F28D69B8246B27EE00998CC8 /* Assets.xcassets in Resources */,
				F28D69B6246B27E800998CC8 /* Main.storyboard in Resources */,
			);
			runOnlyForDeploymentPostprocessing = 0;
		};
		F28D69BF246B27EE00998CC8 /* Resources */ = {
			isa = PBXResourcesBuildPhase;
			buildActionMask = 2147483647;
			files = (
			);
			runOnlyForDeploymentPostprocessing = 0;
		};
		F28D69CA246B27EE00998CC8 /* Resources */ = {
			isa = PBXResourcesBuildPhase;
			buildActionMask = 2147483647;
			files = (
			);
			runOnlyForDeploymentPostprocessing = 0;
		};
/* End PBXResourcesBuildPhase section */

/* Begin PBXSourcesBuildPhase section */
		F28D69A7246B27E800998CC8 /* Sources */ = {
			isa = PBXSourcesBuildPhase;
			buildActionMask = 2147483647;
			files = (
				F28D69B3246B27E800998CC8 /* ViewController.swift in Sources */,
				F28D69AF246B27E800998CC8 /* AppDelegate.swift in Sources */,
				F28D69B1246B27E800998CC8 /* SceneDelegate.swift in Sources */,
			);
			runOnlyForDeploymentPostprocessing = 0;
		};
		F28D69BD246B27EE00998CC8 /* Sources */ = {
			isa = PBXSourcesBuildPhase;
			buildActionMask = 2147483647;
			files = (
				F28D69C6246B27EE00998CC8 /* ParstagramTests.swift in Sources */,
			);
			runOnlyForDeploymentPostprocessing = 0;
		};
		F28D69C8246B27EE00998CC8 /* Sources */ = {
			isa = PBXSourcesBuildPhase;
			buildActionMask = 2147483647;
			files = (
				F28D69D1246B27EE00998CC8 /* ParstagramUITests.swift in Sources */,
			);
			runOnlyForDeploymentPostprocessing = 0;
		};
/* End PBXSourcesBuildPhase section */

/* Begin PBXTargetDependency section */
		F28D69C3246B27EE00998CC8 /* PBXTargetDependency */ = {
			isa = PBXTargetDependency;
			target = F28D69AA246B27E800998CC8 /* Parstagram */;
			targetProxy = F28D69C2246B27EE00998CC8 /* PBXContainerItemProxy */;
		};
		F28D69CE246B27EE00998CC8 /* PBXTargetDependency */ = {
			isa = PBXTargetDependency;
			target = F28D69AA246B27E800998CC8 /* Parstagram */;
			targetProxy = F28D69CD246B27EE00998CC8 /* PBXContainerItemProxy */;
		};
/* End PBXTargetDependency section */

/* Begin PBXVariantGroup section */
		F28D69B4246B27E800998CC8 /* Main.storyboard */ = {
			isa = PBXVariantGroup;
			children = (
				F28D69B5246B27E800998CC8 /* Base */,
			);
			name = Main.storyboard;
			sourceTree = "<group>";
		};
		F28D69B9246B27EE00998CC8 /* LaunchScreen.storyboard */ = {
			isa = PBXVariantGroup;
			children = (
				F28D69BA246B27EE00998CC8 /* Base */,
			);
			name = LaunchScreen.storyboard;
			sourceTree = "<group>";
		};
/* End PBXVariantGroup section */

/* Begin XCBuildConfiguration section */
		F28D69D3246B27EE00998CC8 /* Debug */ = {
			isa = XCBuildConfiguration;
			buildSettings = {
				ALWAYS_SEARCH_USER_PATHS = NO;
				CLANG_ANALYZER_NONNULL = YES;
				CLANG_ANALYZER_NUMBER_OBJECT_CONVERSION = YES_AGGRESSIVE;
				CLANG_CXX_LANGUAGE_STANDARD = "gnu++14";
				CLANG_CXX_LIBRARY = "libc++";
				CLANG_ENABLE_MODULES = YES;
				CLANG_ENABLE_OBJC_ARC = YES;
				CLANG_ENABLE_OBJC_WEAK = YES;
				CLANG_WARN_BLOCK_CAPTURE_AUTORELEASING = YES;
				CLANG_WARN_BOOL_CONVERSION = YES;
				CLANG_WARN_COMMA = YES;
				CLANG_WARN_CONSTANT_CONVERSION = YES;
				CLANG_WARN_DEPRECATED_OBJC_IMPLEMENTATIONS = YES;
				CLANG_WARN_DIRECT_OBJC_ISA_USAGE = YES_ERROR;
				CLANG_WARN_DOCUMENTATION_COMMENTS = YES;
				CLANG_WARN_EMPTY_BODY = YES;
				CLANG_WARN_ENUM_CONVERSION = YES;
				CLANG_WARN_INFINITE_RECURSION = YES;
				CLANG_WARN_INT_CONVERSION = YES;
				CLANG_WARN_NON_LITERAL_NULL_CONVERSION = YES;
				CLANG_WARN_OBJC_IMPLICIT_RETAIN_SELF = YES;
				CLANG_WARN_OBJC_LITERAL_CONVERSION = YES;
				CLANG_WARN_OBJC_ROOT_CLASS = YES_ERROR;
				CLANG_WARN_RANGE_LOOP_ANALYSIS = YES;
				CLANG_WARN_STRICT_PROTOTYPES = YES;
				CLANG_WARN_SUSPICIOUS_MOVE = YES;
				CLANG_WARN_UNGUARDED_AVAILABILITY = YES_AGGRESSIVE;
				CLANG_WARN_UNREACHABLE_CODE = YES;
				CLANG_WARN__DUPLICATE_METHOD_MATCH = YES;
				COPY_PHASE_STRIP = NO;
				DEBUG_INFORMATION_FORMAT = dwarf;
				ENABLE_STRICT_OBJC_MSGSEND = YES;
				ENABLE_TESTABILITY = YES;
				GCC_C_LANGUAGE_STANDARD = gnu11;
				GCC_DYNAMIC_NO_PIC = NO;
				GCC_NO_COMMON_BLOCKS = YES;
				GCC_OPTIMIZATION_LEVEL = 0;
				GCC_PREPROCESSOR_DEFINITIONS = (
					"DEBUG=1",
					"$(inherited)",
				);
				GCC_WARN_64_TO_32_BIT_CONVERSION = YES;
				GCC_WARN_ABOUT_RETURN_TYPE = YES_ERROR;
				GCC_WARN_UNDECLARED_SELECTOR = YES;
				GCC_WARN_UNINITIALIZED_AUTOS = YES_AGGRESSIVE;
				GCC_WARN_UNUSED_FUNCTION = YES;
				GCC_WARN_UNUSED_VARIABLE = YES;
				IPHONEOS_DEPLOYMENT_TARGET = 13.4;
				MTL_ENABLE_DEBUG_INFO = INCLUDE_SOURCE;
				MTL_FAST_MATH = YES;
				ONLY_ACTIVE_ARCH = YES;
				SDKROOT = iphoneos;
				SWIFT_ACTIVE_COMPILATION_CONDITIONS = DEBUG;
				SWIFT_OPTIMIZATION_LEVEL = "-Onone";
			};
			name = Debug;
		};
		F28D69D4246B27EE00998CC8 /* Release */ = {
			isa = XCBuildConfiguration;
			buildSettings = {
				ALWAYS_SEARCH_USER_PATHS = NO;
				CLANG_ANALYZER_NONNULL = YES;
				CLANG_ANALYZER_NUMBER_OBJECT_CONVERSION = YES_AGGRESSIVE;
				CLANG_CXX_LANGUAGE_STANDARD = "gnu++14";
				CLANG_CXX_LIBRARY = "libc++";
				CLANG_ENABLE_MODULES = YES;
				CLANG_ENABLE_OBJC_ARC = YES;
				CLANG_ENABLE_OBJC_WEAK = YES;
				CLANG_WARN_BLOCK_CAPTURE_AUTORELEASING = YES;
				CLANG_WARN_BOOL_CONVERSION = YES;
				CLANG_WARN_COMMA = YES;
				CLANG_WARN_CONSTANT_CONVERSION = YES;
				CLANG_WARN_DEPRECATED_OBJC_IMPLEMENTATIONS = YES;
				CLANG_WARN_DIRECT_OBJC_ISA_USAGE = YES_ERROR;
				CLANG_WARN_DOCUMENTATION_COMMENTS = YES;
				CLANG_WARN_EMPTY_BODY = YES;
				CLANG_WARN_ENUM_CONVERSION = YES;
				CLANG_WARN_INFINITE_RECURSION = YES;
				CLANG_WARN_INT_CONVERSION = YES;
				CLANG_WARN_NON_LITERAL_NULL_CONVERSION = YES;
				CLANG_WARN_OBJC_IMPLICIT_RETAIN_SELF = YES;
				CLANG_WARN_OBJC_LITERAL_CONVERSION = YES;
				CLANG_WARN_OBJC_ROOT_CLASS = YES_ERROR;
				CLANG_WARN_RANGE_LOOP_ANALYSIS = YES;
				CLANG_WARN_STRICT_PROTOTYPES = YES;
				CLANG_WARN_SUSPICIOUS_MOVE = YES;
				CLANG_WARN_UNGUARDED_AVAILABILITY = YES_AGGRESSIVE;
				CLANG_WARN_UNREACHABLE_CODE = YES;
				CLANG_WARN__DUPLICATE_METHOD_MATCH = YES;
				COPY_PHASE_STRIP = NO;
				DEBUG_INFORMATION_FORMAT = "dwarf-with-dsym";
				ENABLE_NS_ASSERTIONS = NO;
				ENABLE_STRICT_OBJC_MSGSEND = YES;
				GCC_C_LANGUAGE_STANDARD = gnu11;
				GCC_NO_COMMON_BLOCKS = YES;
				GCC_WARN_64_TO_32_BIT_CONVERSION = YES;
				GCC_WARN_ABOUT_RETURN_TYPE = YES_ERROR;
				GCC_WARN_UNDECLARED_SELECTOR = YES;
				GCC_WARN_UNINITIALIZED_AUTOS = YES_AGGRESSIVE;
				GCC_WARN_UNUSED_FUNCTION = YES;
				GCC_WARN_UNUSED_VARIABLE = YES;
				IPHONEOS_DEPLOYMENT_TARGET = 13.4;
				MTL_ENABLE_DEBUG_INFO = NO;
				MTL_FAST_MATH = YES;
				SDKROOT = iphoneos;
				SWIFT_COMPILATION_MODE = wholemodule;
				SWIFT_OPTIMIZATION_LEVEL = "-O";
				VALIDATE_PRODUCT = YES;
			};
			name = Release;
		};
		F28D69D6246B27EE00998CC8 /* Debug */ = {
			isa = XCBuildConfiguration;
			buildSettings = {
				ASSETCATALOG_COMPILER_APPICON_NAME = AppIcon;
				CODE_SIGN_STYLE = Automatic;
				INFOPLIST_FILE = Parstagram/Info.plist;
				LD_RUNPATH_SEARCH_PATHS = (
					"$(inherited)",
					"@executable_path/Frameworks",
				);
				PRODUCT_BUNDLE_IDENTIFIER = com.codepath.Parstagram;
				PRODUCT_NAME = "$(TARGET_NAME)";
				SWIFT_VERSION = 5.0;
				TARGETED_DEVICE_FAMILY = "1,2";
			};
			name = Debug;
		};
		F28D69D7246B27EE00998CC8 /* Release */ = {
			isa = XCBuildConfiguration;
			buildSettings = {
				ASSETCATALOG_COMPILER_APPICON_NAME = AppIcon;
				CODE_SIGN_STYLE = Automatic;
				INFOPLIST_FILE = Parstagram/Info.plist;
				LD_RUNPATH_SEARCH_PATHS = (
					"$(inherited)",
					"@executable_path/Frameworks",
				);
				PRODUCT_BUNDLE_IDENTIFIER = com.codepath.Parstagram;
				PRODUCT_NAME = "$(TARGET_NAME)";
				SWIFT_VERSION = 5.0;
				TARGETED_DEVICE_FAMILY = "1,2";
			};
			name = Release;
		};
		F28D69D9246B27EE00998CC8 /* Debug */ = {
			isa = XCBuildConfiguration;
			buildSettings = {
				ALWAYS_EMBED_SWIFT_STANDARD_LIBRARIES = YES;
				BUNDLE_LOADER = "$(TEST_HOST)";
				CODE_SIGN_STYLE = Automatic;
				INFOPLIST_FILE = ParstagramTests/Info.plist;
				IPHONEOS_DEPLOYMENT_TARGET = 13.4;
				LD_RUNPATH_SEARCH_PATHS = (
					"$(inherited)",
					"@executable_path/Frameworks",
					"@loader_path/Frameworks",
				);
				PRODUCT_BUNDLE_IDENTIFIER = com.codepath.ParstagramTests;
				PRODUCT_NAME = "$(TARGET_NAME)";
				SWIFT_VERSION = 5.0;
				TARGETED_DEVICE_FAMILY = "1,2";
				TEST_HOST = "$(BUILT_PRODUCTS_DIR)/Parstagram.app/Parstagram";
			};
			name = Debug;
		};
		F28D69DA246B27EE00998CC8 /* Release */ = {
			isa = XCBuildConfiguration;
			buildSettings = {
				ALWAYS_EMBED_SWIFT_STANDARD_LIBRARIES = YES;
				BUNDLE_LOADER = "$(TEST_HOST)";
				CODE_SIGN_STYLE = Automatic;
				INFOPLIST_FILE = ParstagramTests/Info.plist;
				IPHONEOS_DEPLOYMENT_TARGET = 13.4;
				LD_RUNPATH_SEARCH_PATHS = (
					"$(inherited)",
					"@executable_path/Frameworks",
					"@loader_path/Frameworks",
				);
				PRODUCT_BUNDLE_IDENTIFIER = com.codepath.ParstagramTests;
				PRODUCT_NAME = "$(TARGET_NAME)";
				SWIFT_VERSION = 5.0;
				TARGETED_DEVICE_FAMILY = "1,2";
				TEST_HOST = "$(BUILT_PRODUCTS_DIR)/Parstagram.app/Parstagram";
			};
			name = Release;
		};
		F28D69DC246B27EE00998CC8 /* Debug */ = {
			isa = XCBuildConfiguration;
			buildSettings = {
				ALWAYS_EMBED_SWIFT_STANDARD_LIBRARIES = YES;
				CODE_SIGN_STYLE = Automatic;
				INFOPLIST_FILE = ParstagramUITests/Info.plist;
				LD_RUNPATH_SEARCH_PATHS = (
					"$(inherited)",
					"@executable_path/Frameworks",
					"@loader_path/Frameworks",
				);
				PRODUCT_BUNDLE_IDENTIFIER = com.codepath.ParstagramUITests;
				PRODUCT_NAME = "$(TARGET_NAME)";
				SWIFT_VERSION = 5.0;
				TARGETED_DEVICE_FAMILY = "1,2";
				TEST_TARGET_NAME = Parstagram;
			};
			name = Debug;
		};
		F28D69DD246B27EE00998CC8 /* Release */ = {
			isa = XCBuildConfiguration;
			buildSettings = {
				ALWAYS_EMBED_SWIFT_STANDARD_LIBRARIES = YES;
				CODE_SIGN_STYLE = Automatic;
				INFOPLIST_FILE = ParstagramUITests/Info.plist;
				LD_RUNPATH_SEARCH_PATHS = (
					"$(inherited)",
					"@executable_path/Frameworks",
					"@loader_path/Frameworks",
				);
				PRODUCT_BUNDLE_IDENTIFIER = com.codepath.ParstagramUITests;
				PRODUCT_NAME = "$(TARGET_NAME)";
				SWIFT_VERSION = 5.0;
				TARGETED_DEVICE_FAMILY = "1,2";
				TEST_TARGET_NAME = Parstagram;
			};
			name = Release;
		};
/* End XCBuildConfiguration section */

/* Begin XCConfigurationList section */
		F28D69A6246B27E800998CC8 /* Build configuration list for PBXProject "Parstagram" */ = {
			isa = XCConfigurationList;
			buildConfigurations = (
				F28D69D3246B27EE00998CC8 /* Debug */,
				F28D69D4246B27EE00998CC8 /* Release */,
			);
			defaultConfigurationIsVisible = 0;
			defaultConfigurationName = Release;
		};
		F28D69D5246B27EE00998CC8 /* Build configuration list for PBXNativeTarget "Parstagram" */ = {
			isa = XCConfigurationList;
			buildConfigurations = (
				F28D69D6246B27EE00998CC8 /* Debug */,
				F28D69D7246B27EE00998CC8 /* Release */,
			);
			defaultConfigurationIsVisible = 0;
			defaultConfigurationName = Release;
		};
		F28D69D8246B27EE00998CC8 /* Build configuration list for PBXNativeTarget "ParstagramTests" */ = {
			isa = XCConfigurationList;
			buildConfigurations = (
				F28D69D9246B27EE00998CC8 /* Debug */,
				F28D69DA246B27EE00998CC8 /* Release */,
			);
			defaultConfigurationIsVisible = 0;
			defaultConfigurationName = Release;
		};
		F28D69DB246B27EE00998CC8 /* Build configuration list for PBXNativeTarget "ParstagramUITests" */ = {
			isa = XCConfigurationList;
			buildConfigurations = (
				F28D69DC246B27EE00998CC8 /* Debug */,
				F28D69DD246B27EE00998CC8 /* Release */,
			);
			defaultConfigurationIsVisible = 0;
			defaultConfigurationName = Release;
		};
/* End XCConfigurationList section */
	};
	rootObject = F28D69A3246B27E800998CC8 /* Project object */;
}
