// !$*UTF8*$!
{
	archiveVersion = 1;
	classes = {
	};
	objectVersion = 51;
	objects = {

/* Begin PBXBuildFile section */
		773C995F7768E242C6B8F6B4 /* Pods_Parstagram_ParstagramUITests.framework in Frameworks */ = {isa = PBXBuildFile; fileRef = BE10FBDA86BD1F3EF96C1C1E /* Pods_Parstagram_ParstagramUITests.framework */; };
		C9B06FF8C056A8F1F23DB165 /* Pods_ParstagramTests.framework in Frameworks */ = {isa = PBXBuildFile; fileRef = 10CE50353D2758EFD8D4E2BF /* Pods_ParstagramTests.framework */; };
		DD4D864E8342BE3742A347EB /* Pods_Parstagram.framework in Frameworks */ = {isa = PBXBuildFile; fileRef = B606F6CE224F14C9757039C5 /* Pods_Parstagram.framework */; };
		F28D69AF246B27E800998CC8 /* AppDelegate.swift in Sources */ = {isa = PBXBuildFile; fileRef = F28D69AE246B27E800998CC8 /* AppDelegate.swift */; };
		F28D69B1246B27E800998CC8 /* SceneDelegate.swift in Sources */ = {isa = PBXBuildFile; fileRef = F28D69B0246B27E800998CC8 /* SceneDelegate.swift */; };
		F28D69B6246B27E800998CC8 /* Main.storyboard in Resources */ = {isa = PBXBuildFile; fileRef = F28D69B4246B27E800998CC8 /* Main.storyboard */; };
		F28D69B8246B27EE00998CC8 /* Assets.xcassets in Resources */ = {isa = PBXBuildFile; fileRef = F28D69B7246B27EE00998CC8 /* Assets.xcassets */; };
		F28D69BB246B27EE00998CC8 /* LaunchScreen.storyboard in Resources */ = {isa = PBXBuildFile; fileRef = F28D69B9246B27EE00998CC8 /* LaunchScreen.storyboard */; };
		F28D69C6246B27EE00998CC8 /* ParstagramTests.swift in Sources */ = {isa = PBXBuildFile; fileRef = F28D69C5246B27EE00998CC8 /* ParstagramTests.swift */; };
		F28D69D1246B27EE00998CC8 /* ParstagramUITests.swift in Sources */ = {isa = PBXBuildFile; fileRef = F28D69D0246B27EE00998CC8 /* ParstagramUITests.swift */; };
		F28D69DF246B2DD600998CC8 /* LoginViewController.swift in Sources */ = {isa = PBXBuildFile; fileRef = F28D69DE246B2DD600998CC8 /* LoginViewController.swift */; };
		F28D69E1246B2DE700998CC8 /* FeedViewController.swift in Sources */ = {isa = PBXBuildFile; fileRef = F28D69E0246B2DE700998CC8 /* FeedViewController.swift */; };
/* End PBXBuildFile section */

/* Begin PBXContainerItemProxy section */
		F28D69C2246B27EE00998CC8 /* PBXContainerItemProxy */ = {
			isa = PBXContainerItemProxy;
			containerPortal = F28D69A3246B27E800998CC8 /* Project object */;
			proxyType = 1;
			remoteGlobalIDString = F28D69AA246B27E800998CC8;
			remoteInfo = Parstagram;
		};
		F28D69CD246B27EE00998CC8 /* PBXContainerItemProxy */ = {
			isa = PBXContainerItemProxy;
			containerPortal = F28D69A3246B27E800998CC8 /* Project object */;
			proxyType = 1;
			remoteGlobalIDString = F28D69AA246B27E800998CC8;
			remoteInfo = Parstagram;
		};
/* End PBXContainerItemProxy section */

/* Begin PBXFileReference section */
		0A22D2955A607E563679BA1D /* Pods-Parstagram.release.xcconfig */ = {isa = PBXFileReference; includeInIndex = 1; lastKnownFileType = text.xcconfig; name = "Pods-Parstagram.release.xcconfig"; path = "Target Support Files/Pods-Parstagram/Pods-Parstagram.release.xcconfig"; sourceTree = "<group>"; };
		10CE50353D2758EFD8D4E2BF /* Pods_ParstagramTests.framework */ = {isa = PBXFileReference; explicitFileType = wrapper.framework; includeInIndex = 0; path = Pods_ParstagramTests.framework; sourceTree = BUILT_PRODUCTS_DIR; };
		3B45CFA7E297E1095D5748A0 /* Pods-ParstagramTests.release.xcconfig */ = {isa = PBXFileReference; includeInIndex = 1; lastKnownFileType = text.xcconfig; name = "Pods-ParstagramTests.release.xcconfig"; path = "Target Support Files/Pods-ParstagramTests/Pods-ParstagramTests.release.xcconfig"; sourceTree = "<group>"; };
		61FD30A212F0D59541BA354D /* Pods-ParstagramTests.debug.xcconfig */ = {isa = PBXFileReference; includeInIndex = 1; lastKnownFileType = text.xcconfig; name = "Pods-ParstagramTests.debug.xcconfig"; path = "Target Support Files/Pods-ParstagramTests/Pods-ParstagramTests.debug.xcconfig"; sourceTree = "<group>"; };
		8068E84D8B9151EEAEC3EE61 /* Pods-Parstagram-ParstagramUITests.release.xcconfig */ = {isa = PBXFileReference; includeInIndex = 1; lastKnownFileType = text.xcconfig; name = "Pods-Parstagram-ParstagramUITests.release.xcconfig"; path = "Target Support Files/Pods-Parstagram-ParstagramUITests/Pods-Parstagram-ParstagramUITests.release.xcconfig"; sourceTree = "<group>"; };
		988178BD7C760A9969EF0615 /* Pods-Parstagram.debug.xcconfig */ = {isa = PBXFileReference; includeInIndex = 1; lastKnownFileType = text.xcconfig; name = "Pods-Parstagram.debug.xcconfig"; path = "Target Support Files/Pods-Parstagram/Pods-Parstagram.debug.xcconfig"; sourceTree = "<group>"; };
		B606F6CE224F14C9757039C5 /* Pods_Parstagram.framework */ = {isa = PBXFileReference; explicitFileType = wrapper.framework; includeInIndex = 0; path = Pods_Parstagram.framework; sourceTree = BUILT_PRODUCTS_DIR; };
		BE10FBDA86BD1F3EF96C1C1E /* Pods_Parstagram_ParstagramUITests.framework */ = {isa = PBXFileReference; explicitFileType = wrapper.framework; includeInIndex = 0; path = Pods_Parstagram_ParstagramUITests.framework; sourceTree = BUILT_PRODUCTS_DIR; };
		C1DA593610101A3BF74BDE2D /* Pods-Parstagram-ParstagramUITests.debug.xcconfig */ = {isa = PBXFileReference; includeInIndex = 1; lastKnownFileType = text.xcconfig; name = "Pods-Parstagram-ParstagramUITests.debug.xcconfig"; path = "Target Support Files/Pods-Parstagram-ParstagramUITests/Pods-Parstagram-ParstagramUITests.debug.xcconfig"; sourceTree = "<group>"; };
		F28D69AB246B27E800998CC8 /* Parstagram.app */ = {isa = PBXFileReference; explicitFileType = wrapper.application; includeInIndex = 0; path = Parstagram.app; sourceTree = BUILT_PRODUCTS_DIR; };
		F28D69AE246B27E800998CC8 /* AppDelegate.swift */ = {isa = PBXFileReference; lastKnownFileType = sourcecode.swift; path = AppDelegate.swift; sourceTree = "<group>"; };
		F28D69B0246B27E800998CC8 /* SceneDelegate.swift */ = {isa = PBXFileReference; lastKnownFileType = sourcecode.swift; path = SceneDelegate.swift; sourceTree = "<group>"; };
		F28D69B5246B27E800998CC8 /* Base */ = {isa = PBXFileReference; lastKnownFileType = file.storyboard; name = Base; path = Base.lproj/Main.storyboard; sourceTree = "<group>"; };
		F28D69B7246B27EE00998CC8 /* Assets.xcassets */ = {isa = PBXFileReference; lastKnownFileType = folder.assetcatalog; path = Assets.xcassets; sourceTree = "<group>"; };
		F28D69BA246B27EE00998CC8 /* Base */ = {isa = PBXFileReference; lastKnownFileType = file.storyboard; name = Base; path = Base.lproj/LaunchScreen.storyboard; sourceTree = "<group>"; };
		F28D69BC246B27EE00998CC8 /* Info.plist */ = {isa = PBXFileReference; lastKnownFileType = text.plist.xml; path = Info.plist; sourceTree = "<group>"; };
		F28D69C1246B27EE00998CC8 /* ParstagramTests.xctest */ = {isa = PBXFileReference; explicitFileType = wrapper.cfbundle; includeInIndex = 0; path = ParstagramTests.xctest; sourceTree = BUILT_PRODUCTS_DIR; };
		F28D69C5246B27EE00998CC8 /* ParstagramTests.swift */ = {isa = PBXFileReference; lastKnownFileType = sourcecode.swift; path = ParstagramTests.swift; sourceTree = "<group>"; };
		F28D69C7246B27EE00998CC8 /* Info.plist */ = {isa = PBXFileReference; lastKnownFileType = text.plist.xml; path = Info.plist; sourceTree = "<group>"; };
		F28D69CC246B27EE00998CC8 /* ParstagramUITests.xctest */ = {isa = PBXFileReference; explicitFileType = wrapper.cfbundle; includeInIndex = 0; path = ParstagramUITests.xctest; sourceTree = BUILT_PRODUCTS_DIR; };
		F28D69D0246B27EE00998CC8 /* ParstagramUITests.swift */ = {isa = PBXFileReference; lastKnownFileType = sourcecode.swift; path = ParstagramUITests.swift; sourceTree = "<group>"; };
		F28D69D2246B27EE00998CC8 /* Info.plist */ = {isa = PBXFileReference; lastKnownFileType = text.plist.xml; path = Info.plist; sourceTree = "<group>"; };
		F28D69DE246B2DD600998CC8 /* LoginViewController.swift */ = {isa = PBXFileReference; lastKnownFileType = sourcecode.swift; path = LoginViewController.swift; sourceTree = "<group>"; };
		F28D69E0246B2DE700998CC8 /* FeedViewController.swift */ = {isa = PBXFileReference; lastKnownFileType = sourcecode.swift; path = FeedViewController.swift; sourceTree = "<group>"; };
/* End PBXFileReference section */

/* Begin PBXFrameworksBuildPhase section */
		F28D69A8246B27E800998CC8 /* Frameworks */ = {
			isa = PBXFrameworksBuildPhase;
			buildActionMask = 2147483647;
			files = (
				DD4D864E8342BE3742A347EB /* Pods_Parstagram.framework in Frameworks */,
			);
			runOnlyForDeploymentPostprocessing = 0;
		};
		F28D69BE246B27EE00998CC8 /* Frameworks */ = {
			isa = PBXFrameworksBuildPhase;
			buildActionMask = 2147483647;
			files = (
				C9B06FF8C056A8F1F23DB165 /* Pods_ParstagramTests.framework in Frameworks */,
			);
			runOnlyForDeploymentPostprocessing = 0;
		};
		F28D69C9246B27EE00998CC8 /* Frameworks */ = {
			isa = PBXFrameworksBuildPhase;
			buildActionMask = 2147483647;
			files = (
				773C995F7768E242C6B8F6B4 /* Pods_Parstagram_ParstagramUITests.framework in Frameworks */,
			);
			runOnlyForDeploymentPostprocessing = 0;
		};
/* End PBXFrameworksBuildPhase section */

/* Begin PBXGroup section */
		67762041A119263784C0B59B /* Pods */ = {
			isa = PBXGroup;
			children = (
				988178BD7C760A9969EF0615 /* Pods-Parstagram.debug.xcconfig */,
				0A22D2955A607E563679BA1D /* Pods-Parstagram.release.xcconfig */,
				C1DA593610101A3BF74BDE2D /* Pods-Parstagram-ParstagramUITests.debug.xcconfig */,
				8068E84D8B9151EEAEC3EE61 /* Pods-Parstagram-ParstagramUITests.release.xcconfig */,
				61FD30A212F0D59541BA354D /* Pods-ParstagramTests.debug.xcconfig */,
				3B45CFA7E297E1095D5748A0 /* Pods-ParstagramTests.release.xcconfig */,
			);
			path = Pods;
			sourceTree = "<group>";
		};
		6D4CAB046D2B10A5E644E768 /* Frameworks */ = {
			isa = PBXGroup;
			children = (
				B606F6CE224F14C9757039C5 /* Pods_Parstagram.framework */,
				BE10FBDA86BD1F3EF96C1C1E /* Pods_Parstagram_ParstagramUITests.framework */,
				10CE50353D2758EFD8D4E2BF /* Pods_ParstagramTests.framework */,
			);
			name = Frameworks;
			sourceTree = "<group>";
		};
		F28D69A2246B27E800998CC8 = {
			isa = PBXGroup;
			children = (
				F28D69AD246B27E800998CC8 /* Parstagram */,
				F28D69C4246B27EE00998CC8 /* ParstagramTests */,
				F28D69CF246B27EE00998CC8 /* ParstagramUITests */,
				F28D69AC246B27E800998CC8 /* Products */,
				67762041A119263784C0B59B /* Pods */,
				6D4CAB046D2B10A5E644E768 /* Frameworks */,
			);
			sourceTree = "<group>";
		};
		F28D69AC246B27E800998CC8 /* Products */ = {
			isa = PBXGroup;
			children = (
				F28D69AB246B27E800998CC8 /* Parstagram.app */,
				F28D69C1246B27EE00998CC8 /* ParstagramTests.xctest */,
				F28D69CC246B27EE00998CC8 /* ParstagramUITests.xctest */,
			);
			name = Products;
			sourceTree = "<group>";
		};
		F28D69AD246B27E800998CC8 /* Parstagram */ = {
			isa = PBXGroup;
			children = (
				F28D69AE246B27E800998CC8 /* AppDelegate.swift */,
				F28D69B0246B27E800998CC8 /* SceneDelegate.swift */,
				F28D69B4246B27E800998CC8 /* Main.storyboard */,
				F28D69B7246B27EE00998CC8 /* Assets.xcassets */,
				F28D69B9246B27EE00998CC8 /* LaunchScreen.storyboard */,
				F28D69BC246B27EE00998CC8 /* Info.plist */,
				F28D69DE246B2DD600998CC8 /* LoginViewController.swift */,
				F28D69E0246B2DE700998CC8 /* FeedViewController.swift */,
			);
			path = Parstagram;
			sourceTree = "<group>";
		};
		F28D69C4246B27EE00998CC8 /* ParstagramTests */ = {
			isa = PBXGroup;
			children = (
				F28D69C5246B27EE00998CC8 /* ParstagramTests.swift */,
				F28D69C7246B27EE00998CC8 /* Info.plist */,
			);
			path = ParstagramTests;
			sourceTree = "<group>";
		};
		F28D69CF246B27EE00998CC8 /* ParstagramUITests */ = {
			isa = PBXGroup;
			children = (
				F28D69D0246B27EE00998CC8 /* ParstagramUITests.swift */,
				F28D69D2246B27EE00998CC8 /* Info.plist */,
			);
			path = ParstagramUITests;
			sourceTree = "<group>";
		};
/* End PBXGroup section */

/* Begin PBXNativeTarget section */
		F28D69AA246B27E800998CC8 /* Parstagram */ = {
			isa = PBXNativeTarget;
			buildConfigurationList = F28D69D5246B27EE00998CC8 /* Build configuration list for PBXNativeTarget "Parstagram" */;
			buildPhases = (
				04EB79C2B4E9124B5D30473A /* [CP] Check Pods Manifest.lock */,
				F28D69A7246B27E800998CC8 /* Sources */,
				F28D69A8246B27E800998CC8 /* Frameworks */,
				F28D69A9246B27E800998CC8 /* Resources */,
				F141781DD9091EDDC82CB463 /* [CP] Embed Pods Frameworks */,
			);
			buildRules = (
			);
			dependencies = (
			);
			name = Parstagram;
			productName = Parstagram;
			productReference = F28D69AB246B27E800998CC8 /* Parstagram.app */;
			productType = "com.apple.product-type.application";
		};
		F28D69C0246B27EE00998CC8 /* ParstagramTests */ = {
			isa = PBXNativeTarget;
			buildConfigurationList = F28D69D8246B27EE00998CC8 /* Build configuration list for PBXNativeTarget "ParstagramTests" */;
			buildPhases = (
				C63DB6E1084AA525B64559DD /* [CP] Check Pods Manifest.lock */,
				F28D69BD246B27EE00998CC8 /* Sources */,
				F28D69BE246B27EE00998CC8 /* Frameworks */,
				F28D69BF246B27EE00998CC8 /* Resources */,
			);
			buildRules = (
			);
			dependencies = (
				F28D69C3246B27EE00998CC8 /* PBXTargetDependency */,
			);
			name = ParstagramTests;
			productName = ParstagramTests;
			productReference = F28D69C1246B27EE00998CC8 /* ParstagramTests.xctest */;
			productType = "com.apple.product-type.bundle.unit-test";
		};
		F28D69CB246B27EE00998CC8 /* ParstagramUITests */ = {
			isa = PBXNativeTarget;
			buildConfigurationList = F28D69DB246B27EE00998CC8 /* Build configuration list for PBXNativeTarget "ParstagramUITests" */;
			buildPhases = (
				B9295A5F7FD08EEA624EB641 /* [CP] Check Pods Manifest.lock */,
				F28D69C8246B27EE00998CC8 /* Sources */,
				F28D69C9246B27EE00998CC8 /* Frameworks */,
				F28D69CA246B27EE00998CC8 /* Resources */,
				9671811761D41EA3EA8AD54D /* [CP] Embed Pods Frameworks */,
			);
			buildRules = (
			);
			dependencies = (
				F28D69CE246B27EE00998CC8 /* PBXTargetDependency */,
			);
			name = ParstagramUITests;
			productName = ParstagramUITests;
			productReference = F28D69CC246B27EE00998CC8 /* ParstagramUITests.xctest */;
			productType = "com.apple.product-type.bundle.ui-testing";
		};
/* End PBXNativeTarget section */

/* Begin PBXProject section */
		F28D69A3246B27E800998CC8 /* Project object */ = {
			isa = PBXProject;
			attributes = {
				LastSwiftUpdateCheck = 1140;
				LastUpgradeCheck = 1140;
				ORGANIZATIONNAME = derekn4;
				TargetAttributes = {
					F28D69AA246B27E800998CC8 = {
						CreatedOnToolsVersion = 11.4;
					};
					F28D69C0246B27EE00998CC8 = {
						CreatedOnToolsVersion = 11.4;
						TestTargetID = F28D69AA246B27E800998CC8;
					};
					F28D69CB246B27EE00998CC8 = {
						CreatedOnToolsVersion = 11.4;
						TestTargetID = F28D69AA246B27E800998CC8;
					};
				};
			};
			buildConfigurationList = F28D69A6246B27E800998CC8 /* Build configuration list for PBXProject "Parstagram" */;
			compatibilityVersion = "Xcode 9.3";
			developmentRegion = en;
			hasScannedForEncodings = 0;
			knownRegions = (
				en,
				Base,
			);
			mainGroup = F28D69A2246B27E800998CC8;
			productRefGroup = F28D69AC246B27E800998CC8 /* Products */;
			projectDirPath = "";
			projectRoot = "";
			targets = (
				F28D69AA246B27E800998CC8 /* Parstagram */,
				F28D69C0246B27EE00998CC8 /* ParstagramTests */,
				F28D69CB246B27EE00998CC8 /* ParstagramUITests */,
			);
		};
/* End PBXProject section */

/* Begin PBXResourcesBuildPhase section */
		F28D69A9246B27E800998CC8 /* Resources */ = {
			isa = PBXResourcesBuildPhase;
			buildActionMask = 2147483647;
			files = (
				F28D69BB246B27EE00998CC8 /* LaunchScreen.storyboard in Resources */,
				F28D69B8246B27EE00998CC8 /* Assets.xcassets in Resources */,
				F28D69B6246B27E800998CC8 /* Main.storyboard in Resources */,
			);
			runOnlyForDeploymentPostprocessing = 0;
		};
		F28D69BF246B27EE00998CC8 /* Resources */ = {
			isa = PBXResourcesBuildPhase;
			buildActionMask = 2147483647;
			files = (
			);
			runOnlyForDeploymentPostprocessing = 0;
		};
		F28D69CA246B27EE00998CC8 /* Resources */ = {
			isa = PBXResourcesBuildPhase;
			buildActionMask = 2147483647;
			files = (
			);
			runOnlyForDeploymentPostprocessing = 0;
		};
/* End PBXResourcesBuildPhase section */

/* Begin PBXShellScriptBuildPhase section */
		04EB79C2B4E9124B5D30473A /* [CP] Check Pods Manifest.lock */ = {
			isa = PBXShellScriptBuildPhase;
			buildActionMask = 2147483647;
			files = (
			);
			inputFileListPaths = (
			);
			inputPaths = (
				"${PODS_PODFILE_DIR_PATH}/Podfile.lock",
				"${PODS_ROOT}/Manifest.lock",
			);
			name = "[CP] Check Pods Manifest.lock";
			outputFileListPaths = (
			);
			outputPaths = (
				"$(DERIVED_FILE_DIR)/Pods-Parstagram-checkManifestLockResult.txt",
			);
			runOnlyForDeploymentPostprocessing = 0;
			shellPath = /bin/sh;
			shellScript = "diff \"${PODS_PODFILE_DIR_PATH}/Podfile.lock\" \"${PODS_ROOT}/Manifest.lock\" > /dev/null\nif [ $? != 0 ] ; then\n    # print error to STDERR\n    echo \"error: The sandbox is not in sync with the Podfile.lock. Run 'pod install' or update your CocoaPods installation.\" >&2\n    exit 1\nfi\n# This output is used by Xcode 'outputs' to avoid re-running this script phase.\necho \"SUCCESS\" > \"${SCRIPT_OUTPUT_FILE_0}\"\n";
			showEnvVarsInLog = 0;
		};
		9671811761D41EA3EA8AD54D /* [CP] Embed Pods Frameworks */ = {
			isa = PBXShellScriptBuildPhase;
			buildActionMask = 2147483647;
			files = (
			);
			inputFileListPaths = (
				"${PODS_ROOT}/Target Support Files/Pods-Parstagram-ParstagramUITests/Pods-Parstagram-ParstagramUITests-frameworks-${CONFIGURATION}-input-files.xcfilelist",
			);
			name = "[CP] Embed Pods Frameworks";
			outputFileListPaths = (
				"${PODS_ROOT}/Target Support Files/Pods-Parstagram-ParstagramUITests/Pods-Parstagram-ParstagramUITests-frameworks-${CONFIGURATION}-output-files.xcfilelist",
			);
			runOnlyForDeploymentPostprocessing = 0;
			shellPath = /bin/sh;
			shellScript = "\"${PODS_ROOT}/Target Support Files/Pods-Parstagram-ParstagramUITests/Pods-Parstagram-ParstagramUITests-frameworks.sh\"\n";
			showEnvVarsInLog = 0;
		};
		B9295A5F7FD08EEA624EB641 /* [CP] Check Pods Manifest.lock */ = {
			isa = PBXShellScriptBuildPhase;
			buildActionMask = 2147483647;
			files = (
			);
			inputFileListPaths = (
			);
			inputPaths = (
				"${PODS_PODFILE_DIR_PATH}/Podfile.lock",
				"${PODS_ROOT}/Manifest.lock",
			);
			name = "[CP] Check Pods Manifest.lock";
			outputFileListPaths = (
			);
			outputPaths = (
				"$(DERIVED_FILE_DIR)/Pods-Parstagram-ParstagramUITests-checkManifestLockResult.txt",
			);
			runOnlyForDeploymentPostprocessing = 0;
			shellPath = /bin/sh;
			shellScript = "diff \"${PODS_PODFILE_DIR_PATH}/Podfile.lock\" \"${PODS_ROOT}/Manifest.lock\" > /dev/null\nif [ $? != 0 ] ; then\n    # print error to STDERR\n    echo \"error: The sandbox is not in sync with the Podfile.lock. Run 'pod install' or update your CocoaPods installation.\" >&2\n    exit 1\nfi\n# This output is used by Xcode 'outputs' to avoid re-running this script phase.\necho \"SUCCESS\" > \"${SCRIPT_OUTPUT_FILE_0}\"\n";
			showEnvVarsInLog = 0;
		};
		C63DB6E1084AA525B64559DD /* [CP] Check Pods Manifest.lock */ = {
			isa = PBXShellScriptBuildPhase;
			buildActionMask = 2147483647;
			files = (
			);
			inputFileListPaths = (
			);
			inputPaths = (
				"${PODS_PODFILE_DIR_PATH}/Podfile.lock",
				"${PODS_ROOT}/Manifest.lock",
			);
			name = "[CP] Check Pods Manifest.lock";
			outputFileListPaths = (
			);
			outputPaths = (
				"$(DERIVED_FILE_DIR)/Pods-ParstagramTests-checkManifestLockResult.txt",
			);
			runOnlyForDeploymentPostprocessing = 0;
			shellPath = /bin/sh;
			shellScript = "diff \"${PODS_PODFILE_DIR_PATH}/Podfile.lock\" \"${PODS_ROOT}/Manifest.lock\" > /dev/null\nif [ $? != 0 ] ; then\n    # print error to STDERR\n    echo \"error: The sandbox is not in sync with the Podfile.lock. Run 'pod install' or update your CocoaPods installation.\" >&2\n    exit 1\nfi\n# This output is used by Xcode 'outputs' to avoid re-running this script phase.\necho \"SUCCESS\" > \"${SCRIPT_OUTPUT_FILE_0}\"\n";
			showEnvVarsInLog = 0;
		};
		F141781DD9091EDDC82CB463 /* [CP] Embed Pods Frameworks */ = {
			isa = PBXShellScriptBuildPhase;
			buildActionMask = 2147483647;
			files = (
			);
			inputFileListPaths = (
				"${PODS_ROOT}/Target Support Files/Pods-Parstagram/Pods-Parstagram-frameworks-${CONFIGURATION}-input-files.xcfilelist",
			);
			name = "[CP] Embed Pods Frameworks";
			outputFileListPaths = (
				"${PODS_ROOT}/Target Support Files/Pods-Parstagram/Pods-Parstagram-frameworks-${CONFIGURATION}-output-files.xcfilelist",
			);
			runOnlyForDeploymentPostprocessing = 0;
			shellPath = /bin/sh;
			shellScript = "\"${PODS_ROOT}/Target Support Files/Pods-Parstagram/Pods-Parstagram-frameworks.sh\"\n";
			showEnvVarsInLog = 0;
		};
/* End PBXShellScriptBuildPhase section */

/* Begin PBXSourcesBuildPhase section */
		F28D69A7246B27E800998CC8 /* Sources */ = {
			isa = PBXSourcesBuildPhase;
			buildActionMask = 2147483647;
			files = (
				F28D69DF246B2DD600998CC8 /* LoginViewController.swift in Sources */,
				F28D69AF246B27E800998CC8 /* AppDelegate.swift in Sources */,
				F28D69E1246B2DE700998CC8 /* FeedViewController.swift in Sources */,
				F28D69B1246B27E800998CC8 /* SceneDelegate.swift in Sources */,
			);
			runOnlyForDeploymentPostprocessing = 0;
		};
		F28D69BD246B27EE00998CC8 /* Sources */ = {
			isa = PBXSourcesBuildPhase;
			buildActionMask = 2147483647;
			files = (
				F28D69C6246B27EE00998CC8 /* ParstagramTests.swift in Sources */,
			);
			runOnlyForDeploymentPostprocessing = 0;
		};
		F28D69C8246B27EE00998CC8 /* Sources */ = {
			isa = PBXSourcesBuildPhase;
			buildActionMask = 2147483647;
			files = (
				F28D69D1246B27EE00998CC8 /* ParstagramUITests.swift in Sources */,
			);
			runOnlyForDeploymentPostprocessing = 0;
		};
/* End PBXSourcesBuildPhase section */

/* Begin PBXTargetDependency section */
		F28D69C3246B27EE00998CC8 /* PBXTargetDependency */ = {
			isa = PBXTargetDependency;
			target = F28D69AA246B27E800998CC8 /* Parstagram */;
			targetProxy = F28D69C2246B27EE00998CC8 /* PBXContainerItemProxy */;
		};
		F28D69CE246B27EE00998CC8 /* PBXTargetDependency */ = {
			isa = PBXTargetDependency;
			target = F28D69AA246B27E800998CC8 /* Parstagram */;
			targetProxy = F28D69CD246B27EE00998CC8 /* PBXContainerItemProxy */;
		};
/* End PBXTargetDependency section */

/* Begin PBXVariantGroup section */
		F28D69B4246B27E800998CC8 /* Main.storyboard */ = {
			isa = PBXVariantGroup;
			children = (
				F28D69B5246B27E800998CC8 /* Base */,
			);
			name = Main.storyboard;
			sourceTree = "<group>";
		};
		F28D69B9246B27EE00998CC8 /* LaunchScreen.storyboard */ = {
			isa = PBXVariantGroup;
			children = (
				F28D69BA246B27EE00998CC8 /* Base */,
			);
			name = LaunchScreen.storyboard;
			sourceTree = "<group>";
		};
/* End PBXVariantGroup section */

/* Begin XCBuildConfiguration section */
		F28D69D3246B27EE00998CC8 /* Debug */ = {
			isa = XCBuildConfiguration;
			buildSettings = {
				ALWAYS_SEARCH_USER_PATHS = NO;
				CLANG_ANALYZER_NONNULL = YES;
				CLANG_ANALYZER_NUMBER_OBJECT_CONVERSION = YES_AGGRESSIVE;
				CLANG_CXX_LANGUAGE_STANDARD = "gnu++14";
				CLANG_CXX_LIBRARY = "libc++";
				CLANG_ENABLE_MODULES = YES;
				CLANG_ENABLE_OBJC_ARC = YES;
				CLANG_ENABLE_OBJC_WEAK = YES;
				CLANG_WARN_BLOCK_CAPTURE_AUTORELEASING = YES;
				CLANG_WARN_BOOL_CONVERSION = YES;
				CLANG_WARN_COMMA = YES;
				CLANG_WARN_CONSTANT_CONVERSION = YES;
				CLANG_WARN_DEPRECATED_OBJC_IMPLEMENTATIONS = YES;
				CLANG_WARN_DIRECT_OBJC_ISA_USAGE = YES_ERROR;
				CLANG_WARN_DOCUMENTATION_COMMENTS = YES;
				CLANG_WARN_EMPTY_BODY = YES;
				CLANG_WARN_ENUM_CONVERSION = YES;
				CLANG_WARN_INFINITE_RECURSION = YES;
				CLANG_WARN_INT_CONVERSION = YES;
				CLANG_WARN_NON_LITERAL_NULL_CONVERSION = YES;
				CLANG_WARN_OBJC_IMPLICIT_RETAIN_SELF = YES;
				CLANG_WARN_OBJC_LITERAL_CONVERSION = YES;
				CLANG_WARN_OBJC_ROOT_CLASS = YES_ERROR;
				CLANG_WARN_RANGE_LOOP_ANALYSIS = YES;
				CLANG_WARN_STRICT_PROTOTYPES = YES;
				CLANG_WARN_SUSPICIOUS_MOVE = YES;
				CLANG_WARN_UNGUARDED_AVAILABILITY = YES_AGGRESSIVE;
				CLANG_WARN_UNREACHABLE_CODE = YES;
				CLANG_WARN__DUPLICATE_METHOD_MATCH = YES;
				COPY_PHASE_STRIP = NO;
				DEBUG_INFORMATION_FORMAT = dwarf;
				ENABLE_STRICT_OBJC_MSGSEND = YES;
				ENABLE_TESTABILITY = YES;
				GCC_C_LANGUAGE_STANDARD = gnu11;
				GCC_DYNAMIC_NO_PIC = NO;
				GCC_NO_COMMON_BLOCKS = YES;
				GCC_OPTIMIZATION_LEVEL = 0;
				GCC_PREPROCESSOR_DEFINITIONS = (
					"DEBUG=1",
					"$(inherited)",
				);
				GCC_WARN_64_TO_32_BIT_CONVERSION = YES;
				GCC_WARN_ABOUT_RETURN_TYPE = YES_ERROR;
				GCC_WARN_UNDECLARED_SELECTOR = YES;
				GCC_WARN_UNINITIALIZED_AUTOS = YES_AGGRESSIVE;
				GCC_WARN_UNUSED_FUNCTION = YES;
				GCC_WARN_UNUSED_VARIABLE = YES;
				IPHONEOS_DEPLOYMENT_TARGET = 13.4;
				MTL_ENABLE_DEBUG_INFO = INCLUDE_SOURCE;
				MTL_FAST_MATH = YES;
				ONLY_ACTIVE_ARCH = YES;
				SDKROOT = iphoneos;
				SWIFT_ACTIVE_COMPILATION_CONDITIONS = DEBUG;
				SWIFT_OPTIMIZATION_LEVEL = "-Onone";
			};
			name = Debug;
		};
		F28D69D4246B27EE00998CC8 /* Release */ = {
			isa = XCBuildConfiguration;
			buildSettings = {
				ALWAYS_SEARCH_USER_PATHS = NO;
				CLANG_ANALYZER_NONNULL = YES;
				CLANG_ANALYZER_NUMBER_OBJECT_CONVERSION = YES_AGGRESSIVE;
				CLANG_CXX_LANGUAGE_STANDARD = "gnu++14";
				CLANG_CXX_LIBRARY = "libc++";
				CLANG_ENABLE_MODULES = YES;
				CLANG_ENABLE_OBJC_ARC = YES;
				CLANG_ENABLE_OBJC_WEAK = YES;
				CLANG_WARN_BLOCK_CAPTURE_AUTORELEASING = YES;
				CLANG_WARN_BOOL_CONVERSION = YES;
				CLANG_WARN_COMMA = YES;
				CLANG_WARN_CONSTANT_CONVERSION = YES;
				CLANG_WARN_DEPRECATED_OBJC_IMPLEMENTATIONS = YES;
				CLANG_WARN_DIRECT_OBJC_ISA_USAGE = YES_ERROR;
				CLANG_WARN_DOCUMENTATION_COMMENTS = YES;
				CLANG_WARN_EMPTY_BODY = YES;
				CLANG_WARN_ENUM_CONVERSION = YES;
				CLANG_WARN_INFINITE_RECURSION = YES;
				CLANG_WARN_INT_CONVERSION = YES;
				CLANG_WARN_NON_LITERAL_NULL_CONVERSION = YES;
				CLANG_WARN_OBJC_IMPLICIT_RETAIN_SELF = YES;
				CLANG_WARN_OBJC_LITERAL_CONVERSION = YES;
				CLANG_WARN_OBJC_ROOT_CLASS = YES_ERROR;
				CLANG_WARN_RANGE_LOOP_ANALYSIS = YES;
				CLANG_WARN_STRICT_PROTOTYPES = YES;
				CLANG_WARN_SUSPICIOUS_MOVE = YES;
				CLANG_WARN_UNGUARDED_AVAILABILITY = YES_AGGRESSIVE;
				CLANG_WARN_UNREACHABLE_CODE = YES;
				CLANG_WARN__DUPLICATE_METHOD_MATCH = YES;
				COPY_PHASE_STRIP = NO;
				DEBUG_INFORMATION_FORMAT = "dwarf-with-dsym";
				ENABLE_NS_ASSERTIONS = NO;
				ENABLE_STRICT_OBJC_MSGSEND = YES;
				GCC_C_LANGUAGE_STANDARD = gnu11;
				GCC_NO_COMMON_BLOCKS = YES;
				GCC_WARN_64_TO_32_BIT_CONVERSION = YES;
				GCC_WARN_ABOUT_RETURN_TYPE = YES_ERROR;
				GCC_WARN_UNDECLARED_SELECTOR = YES;
				GCC_WARN_UNINITIALIZED_AUTOS = YES_AGGRESSIVE;
				GCC_WARN_UNUSED_FUNCTION = YES;
				GCC_WARN_UNUSED_VARIABLE = YES;
				IPHONEOS_DEPLOYMENT_TARGET = 13.4;
				MTL_ENABLE_DEBUG_INFO = NO;
				MTL_FAST_MATH = YES;
				SDKROOT = iphoneos;
				SWIFT_COMPILATION_MODE = wholemodule;
				SWIFT_OPTIMIZATION_LEVEL = "-O";
				VALIDATE_PRODUCT = YES;
			};
			name = Release;
		};
		F28D69D6246B27EE00998CC8 /* Debug */ = {
			isa = XCBuildConfiguration;
			baseConfigurationReference = 988178BD7C760A9969EF0615 /* Pods-Parstagram.debug.xcconfig */;
			buildSettings = {
				ASSETCATALOG_COMPILER_APPICON_NAME = AppIcon;
				CODE_SIGN_STYLE = Automatic;
				INFOPLIST_FILE = Parstagram/Info.plist;
				LD_RUNPATH_SEARCH_PATHS = (
					"$(inherited)",
					"@executable_path/Frameworks",
				);
				PRODUCT_BUNDLE_IDENTIFIER = com.codepath.Parstagram;
				PRODUCT_NAME = "$(TARGET_NAME)";
				SWIFT_VERSION = 5.0;
				TARGETED_DEVICE_FAMILY = "1,2";
			};
			name = Debug;
		};
		F28D69D7246B27EE00998CC8 /* Release */ = {
			isa = XCBuildConfiguration;
			baseConfigurationReference = 0A22D2955A607E563679BA1D /* Pods-Parstagram.release.xcconfig */;
			buildSettings = {
				ASSETCATALOG_COMPILER_APPICON_NAME = AppIcon;
				CODE_SIGN_STYLE = Automatic;
				INFOPLIST_FILE = Parstagram/Info.plist;
				LD_RUNPATH_SEARCH_PATHS = (
					"$(inherited)",
					"@executable_path/Frameworks",
				);
				PRODUCT_BUNDLE_IDENTIFIER = com.codepath.Parstagram;
				PRODUCT_NAME = "$(TARGET_NAME)";
				SWIFT_VERSION = 5.0;
				TARGETED_DEVICE_FAMILY = "1,2";
			};
			name = Release;
		};
		F28D69D9246B27EE00998CC8 /* Debug */ = {
			isa = XCBuildConfiguration;
			baseConfigurationReference = 61FD30A212F0D59541BA354D /* Pods-ParstagramTests.debug.xcconfig */;
			buildSettings = {
				ALWAYS_EMBED_SWIFT_STANDARD_LIBRARIES = YES;
				BUNDLE_LOADER = "$(TEST_HOST)";
				CODE_SIGN_STYLE = Automatic;
				INFOPLIST_FILE = ParstagramTests/Info.plist;
				IPHONEOS_DEPLOYMENT_TARGET = 13.4;
				LD_RUNPATH_SEARCH_PATHS = (
					"$(inherited)",
					"@executable_path/Frameworks",
					"@loader_path/Frameworks",
				);
				PRODUCT_BUNDLE_IDENTIFIER = com.codepath.ParstagramTests;
				PRODUCT_NAME = "$(TARGET_NAME)";
				SWIFT_VERSION = 5.0;
				TARGETED_DEVICE_FAMILY = "1,2";
				TEST_HOST = "$(BUILT_PRODUCTS_DIR)/Parstagram.app/Parstagram";
			};
			name = Debug;
		};
		F28D69DA246B27EE00998CC8 /* Release */ = {
			isa = XCBuildConfiguration;
			baseConfigurationReference = 3B45CFA7E297E1095D5748A0 /* Pods-ParstagramTests.release.xcconfig */;
			buildSettings = {
				ALWAYS_EMBED_SWIFT_STANDARD_LIBRARIES = YES;
				BUNDLE_LOADER = "$(TEST_HOST)";
				CODE_SIGN_STYLE = Automatic;
				INFOPLIST_FILE = ParstagramTests/Info.plist;
				IPHONEOS_DEPLOYMENT_TARGET = 13.4;
				LD_RUNPATH_SEARCH_PATHS = (
					"$(inherited)",
					"@executable_path/Frameworks",
					"@loader_path/Frameworks",
				);
				PRODUCT_BUNDLE_IDENTIFIER = com.codepath.ParstagramTests;
				PRODUCT_NAME = "$(TARGET_NAME)";
				SWIFT_VERSION = 5.0;
				TARGETED_DEVICE_FAMILY = "1,2";
				TEST_HOST = "$(BUILT_PRODUCTS_DIR)/Parstagram.app/Parstagram";
			};
			name = Release;
		};
		F28D69DC246B27EE00998CC8 /* Debug */ = {
			isa = XCBuildConfiguration;
			baseConfigurationReference = C1DA593610101A3BF74BDE2D /* Pods-Parstagram-ParstagramUITests.debug.xcconfig */;
			buildSettings = {
				ALWAYS_EMBED_SWIFT_STANDARD_LIBRARIES = YES;
				CODE_SIGN_STYLE = Automatic;
				INFOPLIST_FILE = ParstagramUITests/Info.plist;
				LD_RUNPATH_SEARCH_PATHS = (
					"$(inherited)",
					"@executable_path/Frameworks",
					"@loader_path/Frameworks",
				);
				PRODUCT_BUNDLE_IDENTIFIER = com.codepath.ParstagramUITests;
				PRODUCT_NAME = "$(TARGET_NAME)";
				SWIFT_VERSION = 5.0;
				TARGETED_DEVICE_FAMILY = "1,2";
				TEST_TARGET_NAME = Parstagram;
			};
			name = Debug;
		};
		F28D69DD246B27EE00998CC8 /* Release */ = {
			isa = XCBuildConfiguration;
			baseConfigurationReference = 8068E84D8B9151EEAEC3EE61 /* Pods-Parstagram-ParstagramUITests.release.xcconfig */;
			buildSettings = {
				ALWAYS_EMBED_SWIFT_STANDARD_LIBRARIES = YES;
				CODE_SIGN_STYLE = Automatic;
				INFOPLIST_FILE = ParstagramUITests/Info.plist;
				LD_RUNPATH_SEARCH_PATHS = (
					"$(inherited)",
					"@executable_path/Frameworks",
					"@loader_path/Frameworks",
				);
				PRODUCT_BUNDLE_IDENTIFIER = com.codepath.ParstagramUITests;
				PRODUCT_NAME = "$(TARGET_NAME)";
				SWIFT_VERSION = 5.0;
				TARGETED_DEVICE_FAMILY = "1,2";
				TEST_TARGET_NAME = Parstagram;
			};
			name = Release;
		};
/* End XCBuildConfiguration section */

/* Begin XCConfigurationList section */
		F28D69A6246B27E800998CC8 /* Build configuration list for PBXProject "Parstagram" */ = {
			isa = XCConfigurationList;
			buildConfigurations = (
				F28D69D3246B27EE00998CC8 /* Debug */,
				F28D69D4246B27EE00998CC8 /* Release */,
			);
			defaultConfigurationIsVisible = 0;
			defaultConfigurationName = Release;
		};
		F28D69D5246B27EE00998CC8 /* Build configuration list for PBXNativeTarget "Parstagram" */ = {
			isa = XCConfigurationList;
			buildConfigurations = (
				F28D69D6246B27EE00998CC8 /* Debug */,
				F28D69D7246B27EE00998CC8 /* Release */,
			);
			defaultConfigurationIsVisible = 0;
			defaultConfigurationName = Release;
		};
		F28D69D8246B27EE00998CC8 /* Build configuration list for PBXNativeTarget "ParstagramTests" */ = {
			isa = XCConfigurationList;
			buildConfigurations = (
				F28D69D9246B27EE00998CC8 /* Debug */,
				F28D69DA246B27EE00998CC8 /* Release */,
			);
			defaultConfigurationIsVisible = 0;
			defaultConfigurationName = Release;
		};
		F28D69DB246B27EE00998CC8 /* Build configuration list for PBXNativeTarget "ParstagramUITests" */ = {
			isa = XCConfigurationList;
			buildConfigurations = (
				F28D69DC246B27EE00998CC8 /* Debug */,
				F28D69DD246B27EE00998CC8 /* Release */,
			);
			defaultConfigurationIsVisible = 0;
			defaultConfigurationName = Release;
		};
/* End XCConfigurationList section */
	};
	rootObject = F28D69A3246B27E800998CC8 /* Project object */;
}
